
Microsoft Visual Studio Solution File, Format Version 12.00
# Visual Studio Version 17
VisualStudioVersion = 17.3.32825.248
MinimumVisualStudioVersion = 10.0.40219.1
Project("{9A19103F-16F7-4668-BE54-9A1E7A4F7556}") = "AndroidADB_connector", "AndroidADB_connector\AndroidADB_connector.csproj", "{A97897E4-4068-4F9B-ACB6-6B5B2E37337A}"
EndProject
Global
	GlobalSection(SolutionConfigurationPlatforms) = preSolution
		Debug|Any CPU = Debug|Any CPU
		Release|Any CPU = Release|Any CPU
	EndGlobalSection
	GlobalSection(ProjectConfigurationPlatforms) = postSolution
		{A97897E4-4068-4F9B-ACB6-6B5B2E37337A}.Debug|Any CPU.ActiveCfg = Debug|Any CPU
		{A97897E4-4068-4F9B-ACB6-6B5B2E37337A}.Debug|Any CPU.Build.0 = Debug|Any CPU
		{A97897E4-4068-4F9B-ACB6-6B5B2E37337A}.Release|Any CPU.ActiveCfg = Release|Any CPU
		{A97897E4-4068-4F9B-ACB6-6B5B2E37337A}.Release|Any CPU.Build.0 = Release|Any CPU
	EndGlobalSection
	GlobalSection(SolutionProperties) = preSolution
		HideSolutionNode = FALSE
	EndGlobalSection
	GlobalSection(ExtensibilityGlobals) = postSolution
		SolutionGuid = {80B0EF78-1CC6-4A97-BBE6-FB7140053F88}
	EndGlobalSection
EndGlobal
